<Solution>
  <Project Path="CurrencyExchanger.API/CurrencyExchanger.API.csproj" />
  <Project Path="CurrencyExchanger.BLL/CurrencyExchanger.BLL.csproj" Id="b38ffe25-73bd-42a4-b83b-b43b89435864" />
  <Project Path="CurrencyExchanger.DAL/CurrencyExchanger.DAL.csproj" Id="a498cb6f-4c59-4ce7-acd6-b34f474c095a" />
  <Project Path="CurrencyExchanger.Models/CurrencyExchanger.Models.csproj" />
</Solution>
